
Microsoft Visual Studio Solution File, Format Version 12.00
# Visual Studio Version 16
VisualStudioVersion = 16.0.30907.101
MinimumVisualStudioVersion = 10.0.40219.1
Project("{9A19103F-16F7-4668-BE54-9A1E7A4F7556}") = "Snowball.Api", "Snowball.Api\Snowball.Api.csproj", "{9C4074E3-D37A-46F4-8020-35E6E9A9918A}"
EndProject
Project("{FAE04EC0-301F-11D3-BF4B-00C04F79EFBC}") = "Snowball.Application", "Snowball.Application\Snowball.Application.csproj", "{9794EFA4-574E-4BD1-B3B5-C90328414429}"
EndProject
Project("{FAE04EC0-301F-11D3-BF4B-00C04F79EFBC}") = "Snowball.Bookshelf.Domain", "Snowball.Bookshelf.Domain\Snowball.Bookshelf.Domain.csproj", "{44ADEBB8-D57D-4EB1-9865-F8DDE183B00A}"
EndProject
Project("{FAE04EC0-301F-11D3-BF4B-00C04F79EFBC}") = "Snowball.Infrastructure.Core", "Snowball.Infrastructure.Core\Snowball.Infrastructure.Core.csproj", "{7F1507A3-039B-44D8-A736-35CF70EF319B}"
EndProject
Project("{FAE04EC0-301F-11D3-BF4B-00C04F79EFBC}") = "Snowball.Infrastructure.Core.UnitTests", "Snowball.Infrastructure.Core.UnitTests\Snowball.Infrastructure.Core.UnitTests.csproj", "{A3888B48-E8D6-4F62-BA8A-8755D3607C22}"
EndProject
Project("{9A19103F-16F7-4668-BE54-9A1E7A4F7556}") = "Snowball.Bookshelf.Repositories", "Snowball.Bookshelf.Repositories\Snowball.Bookshelf.Repositories.csproj", "{D07D4087-D856-4B2E-BCBF-5BC309F64585}"
EndProject
Global
	GlobalSection(SolutionConfigurationPlatforms) = preSolution
		Debug|Any CPU = Debug|Any CPU
		Release|Any CPU = Release|Any CPU
	EndGlobalSection
	GlobalSection(ProjectConfigurationPlatforms) = postSolution
		{9C4074E3-D37A-46F4-8020-35E6E9A9918A}.Debug|Any CPU.ActiveCfg = Debug|Any CPU
		{9C4074E3-D37A-46F4-8020-35E6E9A9918A}.Debug|Any CPU.Build.0 = Debug|Any CPU
		{9C4074E3-D37A-46F4-8020-35E6E9A9918A}.Release|Any CPU.ActiveCfg = Release|Any CPU
		{9C4074E3-D37A-46F4-8020-35E6E9A9918A}.Release|Any CPU.Build.0 = Release|Any CPU
		{9794EFA4-574E-4BD1-B3B5-C90328414429}.Debug|Any CPU.ActiveCfg = Debug|Any CPU
		{9794EFA4-574E-4BD1-B3B5-C90328414429}.Debug|Any CPU.Build.0 = Debug|Any CPU
		{9794EFA4-574E-4BD1-B3B5-C90328414429}.Release|Any CPU.ActiveCfg = Release|Any CPU
		{9794EFA4-574E-4BD1-B3B5-C90328414429}.Release|Any CPU.Build.0 = Release|Any CPU
		{44ADEBB8-D57D-4EB1-9865-F8DDE183B00A}.Debug|Any CPU.ActiveCfg = Debug|Any CPU
		{44ADEBB8-D57D-4EB1-9865-F8DDE183B00A}.Debug|Any CPU.Build.0 = Debug|Any CPU
		{44ADEBB8-D57D-4EB1-9865-F8DDE183B00A}.Release|Any CPU.ActiveCfg = Release|Any CPU
		{44ADEBB8-D57D-4EB1-9865-F8DDE183B00A}.Release|Any CPU.Build.0 = Release|Any CPU
		{7F1507A3-039B-44D8-A736-35CF70EF319B}.Debug|Any CPU.ActiveCfg = Debug|Any CPU
		{7F1507A3-039B-44D8-A736-35CF70EF319B}.Debug|Any CPU.Build.0 = Debug|Any CPU
		{7F1507A3-039B-44D8-A736-35CF70EF319B}.Release|Any CPU.ActiveCfg = Release|Any CPU
		{7F1507A3-039B-44D8-A736-35CF70EF319B}.Release|Any CPU.Build.0 = Release|Any CPU
		{A3888B48-E8D6-4F62-BA8A-8755D3607C22}.Debug|Any CPU.ActiveCfg = Debug|Any CPU
		{A3888B48-E8D6-4F62-BA8A-8755D3607C22}.Debug|Any CPU.Build.0 = Debug|Any CPU
		{A3888B48-E8D6-4F62-BA8A-8755D3607C22}.Release|Any CPU.ActiveCfg = Release|Any CPU
		{A3888B48-E8D6-4F62-BA8A-8755D3607C22}.Release|Any CPU.Build.0 = Release|Any CPU
		{D07D4087-D856-4B2E-BCBF-5BC309F64585}.Debug|Any CPU.ActiveCfg = Debug|Any CPU
		{D07D4087-D856-4B2E-BCBF-5BC309F64585}.Debug|Any CPU.Build.0 = Debug|Any CPU
		{D07D4087-D856-4B2E-BCBF-5BC309F64585}.Release|Any CPU.ActiveCfg = Release|Any CPU
		{D07D4087-D856-4B2E-BCBF-5BC309F64585}.Release|Any CPU.Build.0 = Release|Any CPU
	EndGlobalSection
	GlobalSection(SolutionProperties) = preSolution
		HideSolutionNode = FALSE
	EndGlobalSection
	GlobalSection(ExtensibilityGlobals) = postSolution
		SolutionGuid = {FA69CC55-7E5A-4513-8829-200D535293E2}
	EndGlobalSection
EndGlobal
